
Microsoft Visual Studio Solution File, Format Version 12.00
# Visual Studio Version 17
VisualStudioVersion = 17.7.34009.444
MinimumVisualStudioVersion = 10.0.40219.1
Project("{FAE04EC0-301F-11D3-BF4B-00C04F79EFBC}") = "Program4", "Program4\Program4.csproj", "{20584B0B-A208-4D4A-B867-69BC44CA9ED8}"
EndProject
Global
	GlobalSection(SolutionConfigurationPlatforms) = preSolution
		Debug|Any CPU = Debug|Any CPU
		Release|Any CPU = Release|Any CPU
	EndGlobalSection
	GlobalSection(ProjectConfigurationPlatforms) = postSolution
		{20584B0B-A208-4D4A-B867-69BC44CA9ED8}.Debug|Any CPU.ActiveCfg = Debug|Any CPU
		{20584B0B-A208-4D4A-B867-69BC44CA9ED8}.Debug|Any CPU.Build.0 = Debug|Any CPU
		{20584B0B-A208-4D4A-B867-69BC44CA9ED8}.Release|Any CPU.ActiveCfg = Release|Any CPU
		{20584B0B-A208-4D4A-B867-69BC44CA9ED8}.Release|Any CPU.Build.0 = Release|Any CPU
	EndGlobalSection
	GlobalSection(SolutionProperties) = preSolution
		HideSolutionNode = FALSE
	EndGlobalSection
	GlobalSection(ExtensibilityGlobals) = postSolution
		SolutionGuid = {CCF30FD4-48A5-48B5-A2DD-EBB8E44211A4}
	EndGlobalSection
EndGlobal
